
Microsoft Visual Studio Solution File, Format Version 12.00
# Visual Studio Version 16
VisualStudioVersion = 16.0.31605.320
MinimumVisualStudioVersion = 10.0.40219.1
Project("{2150E333-8FDC-42A3-9474-1A3956D46DE8}") = "Services", "Services", "{568033C6-966A-4666-A92B-3513148133C0}"
EndProject
Project("{2150E333-8FDC-42A3-9474-1A3956D46DE8}") = "Catalog", "Catalog", "{C7B7588B-E006-4179-976B-4E09AE2343AF}"
EndProject
Project("{9A19103F-16F7-4668-BE54-9A1E7A4F7556}") = "Catalog.API", "Services\Catalog\Catalog.API\Catalog.API.csproj", "{27B56DA3-02FF-4F2D-8A78-F7E65E2E6A9F}"
EndProject
Project("{2150E333-8FDC-42A3-9474-1A3956D46DE8}") = "Basket", "Basket", "{91889729-9FA4-4D4F-8E9D-892F96BF3787}"
EndProject
Project("{9A19103F-16F7-4668-BE54-9A1E7A4F7556}") = "Basket.API", "Services\Basket\Basket.API\Basket.API.csproj", "{8F9FEFA8-48BD-46CE-A8D3-EDAE21D898C7}"
EndProject
Project("{2150E333-8FDC-42A3-9474-1A3956D46DE8}") = "Discount", "Discount", "{28E812A1-A6AC-46B6-A5EA-5299A05AA863}"
EndProject
Project("{9A19103F-16F7-4668-BE54-9A1E7A4F7556}") = "Discount.API", "Services\Discount\Discount.API\Discount.API.csproj", "{0F2159A3-2C5E-46A5-8562-7A5F5311924E}"
EndProject
Project("{9A19103F-16F7-4668-BE54-9A1E7A4F7556}") = "Discount.Grpc", "services\discount\Discount.Grpc\Discount.Grpc.csproj", "{DE9F0FD4-CD56-4B53-B271-EF9AD26097CC}"
EndProject
Project("{2150E333-8FDC-42A3-9474-1A3956D46DE8}") = "Ordering", "Ordering", "{19901BC2-A2A5-4B18-BD8D-F04A8ADF9343}"
EndProject
Project("{FAE04EC0-301F-11D3-BF4B-00C04F79EFBC}") = "Ordering.API", "services\ordering\Ordering.API\Ordering.API.csproj", "{AD23CF47-FF12-4ADA-920A-A199047CBBFD}"
EndProject
Global
	GlobalSection(SolutionConfigurationPlatforms) = preSolution
		Debug|Any CPU = Debug|Any CPU
		Release|Any CPU = Release|Any CPU
	EndGlobalSection
	GlobalSection(ProjectConfigurationPlatforms) = postSolution
		{27B56DA3-02FF-4F2D-8A78-F7E65E2E6A9F}.Debug|Any CPU.ActiveCfg = Debug|Any CPU
		{27B56DA3-02FF-4F2D-8A78-F7E65E2E6A9F}.Debug|Any CPU.Build.0 = Debug|Any CPU
		{27B56DA3-02FF-4F2D-8A78-F7E65E2E6A9F}.Release|Any CPU.ActiveCfg = Release|Any CPU
		{27B56DA3-02FF-4F2D-8A78-F7E65E2E6A9F}.Release|Any CPU.Build.0 = Release|Any CPU
		{8F9FEFA8-48BD-46CE-A8D3-EDAE21D898C7}.Debug|Any CPU.ActiveCfg = Debug|Any CPU
		{8F9FEFA8-48BD-46CE-A8D3-EDAE21D898C7}.Debug|Any CPU.Build.0 = Debug|Any CPU
		{8F9FEFA8-48BD-46CE-A8D3-EDAE21D898C7}.Release|Any CPU.ActiveCfg = Release|Any CPU
		{8F9FEFA8-48BD-46CE-A8D3-EDAE21D898C7}.Release|Any CPU.Build.0 = Release|Any CPU
		{0F2159A3-2C5E-46A5-8562-7A5F5311924E}.Debug|Any CPU.ActiveCfg = Debug|Any CPU
		{0F2159A3-2C5E-46A5-8562-7A5F5311924E}.Debug|Any CPU.Build.0 = Debug|Any CPU
		{0F2159A3-2C5E-46A5-8562-7A5F5311924E}.Release|Any CPU.ActiveCfg = Release|Any CPU
		{0F2159A3-2C5E-46A5-8562-7A5F5311924E}.Release|Any CPU.Build.0 = Release|Any CPU
		{DE9F0FD4-CD56-4B53-B271-EF9AD26097CC}.Debug|Any CPU.ActiveCfg = Debug|Any CPU
		{DE9F0FD4-CD56-4B53-B271-EF9AD26097CC}.Debug|Any CPU.Build.0 = Debug|Any CPU
		{DE9F0FD4-CD56-4B53-B271-EF9AD26097CC}.Release|Any CPU.ActiveCfg = Release|Any CPU
		{DE9F0FD4-CD56-4B53-B271-EF9AD26097CC}.Release|Any CPU.Build.0 = Release|Any CPU
		{AD23CF47-FF12-4ADA-920A-A199047CBBFD}.Debug|Any CPU.ActiveCfg = Debug|Any CPU
		{AD23CF47-FF12-4ADA-920A-A199047CBBFD}.Debug|Any CPU.Build.0 = Debug|Any CPU
		{AD23CF47-FF12-4ADA-920A-A199047CBBFD}.Release|Any CPU.ActiveCfg = Release|Any CPU
		{AD23CF47-FF12-4ADA-920A-A199047CBBFD}.Release|Any CPU.Build.0 = Release|Any CPU
	EndGlobalSection
	GlobalSection(SolutionProperties) = preSolution
		HideSolutionNode = FALSE
	EndGlobalSection
	GlobalSection(NestedProjects) = preSolution
		{C7B7588B-E006-4179-976B-4E09AE2343AF} = {568033C6-966A-4666-A92B-3513148133C0}
		{27B56DA3-02FF-4F2D-8A78-F7E65E2E6A9F} = {C7B7588B-E006-4179-976B-4E09AE2343AF}
		{91889729-9FA4-4D4F-8E9D-892F96BF3787} = {568033C6-966A-4666-A92B-3513148133C0}
		{8F9FEFA8-48BD-46CE-A8D3-EDAE21D898C7} = {91889729-9FA4-4D4F-8E9D-892F96BF3787}
		{28E812A1-A6AC-46B6-A5EA-5299A05AA863} = {568033C6-966A-4666-A92B-3513148133C0}
		{0F2159A3-2C5E-46A5-8562-7A5F5311924E} = {28E812A1-A6AC-46B6-A5EA-5299A05AA863}
		{DE9F0FD4-CD56-4B53-B271-EF9AD26097CC} = {28E812A1-A6AC-46B6-A5EA-5299A05AA863}
		{19901BC2-A2A5-4B18-BD8D-F04A8ADF9343} = {568033C6-966A-4666-A92B-3513148133C0}
		{AD23CF47-FF12-4ADA-920A-A199047CBBFD} = {19901BC2-A2A5-4B18-BD8D-F04A8ADF9343}
	EndGlobalSection
	GlobalSection(ExtensibilityGlobals) = postSolution
		SolutionGuid = {8DD2D90E-95A8-44CC-9114-EF4ED70B461D}
	EndGlobalSection
EndGlobal
